
Microsoft Visual Studio Solution File, Format Version 12.00
# Visual Studio Version 16
VisualStudioVersion = 16.0.32002.261
MinimumVisualStudioVersion = 10.0.40219.1
Project("{9A19103F-16F7-4668-BE54-9A1E7A4F7556}") = "RazorPages", "RazorPages\RazorPages.csproj", "{290B2DCA-86E9-4620-9A3E-5D98DD824C61}"
EndProject
Project("{FAE04EC0-301F-11D3-BF4B-00C04F79EFBC}") = "MVC", "MVC\MVC.csproj", "{33AC71CA-1841-484A-91E0-EC38F9268776}"
EndProject
Project("{FAE04EC0-301F-11D3-BF4B-00C04F79EFBC}") = "API", "API\API.csproj", "{A89272CB-569C-478F-8BDB-7B5FAD75A5FB}"
EndProject
Global
	GlobalSection(SolutionConfigurationPlatforms) = preSolution
		Debug|Any CPU = Debug|Any CPU
		Release|Any CPU = Release|Any CPU
	EndGlobalSection
	GlobalSection(ProjectConfigurationPlatforms) = postSolution
		{290B2DCA-86E9-4620-9A3E-5D98DD824C61}.Debug|Any CPU.ActiveCfg = Debug|Any CPU
		{290B2DCA-86E9-4620-9A3E-5D98DD824C61}.Debug|Any CPU.Build.0 = Debug|Any CPU
		{290B2DCA-86E9-4620-9A3E-5D98DD824C61}.Release|Any CPU.ActiveCfg = Release|Any CPU
		{290B2DCA-86E9-4620-9A3E-5D98DD824C61}.Release|Any CPU.Build.0 = Release|Any CPU
		{33AC71CA-1841-484A-91E0-EC38F9268776}.Debug|Any CPU.ActiveCfg = Debug|Any CPU
		{33AC71CA-1841-484A-91E0-EC38F9268776}.Debug|Any CPU.Build.0 = Debug|Any CPU
		{33AC71CA-1841-484A-91E0-EC38F9268776}.Release|Any CPU.ActiveCfg = Release|Any CPU
		{33AC71CA-1841-484A-91E0-EC38F9268776}.Release|Any CPU.Build.0 = Release|Any CPU
		{A89272CB-569C-478F-8BDB-7B5FAD75A5FB}.Debug|Any CPU.ActiveCfg = Debug|Any CPU
		{A89272CB-569C-478F-8BDB-7B5FAD75A5FB}.Debug|Any CPU.Build.0 = Debug|Any CPU
		{A89272CB-569C-478F-8BDB-7B5FAD75A5FB}.Release|Any CPU.ActiveCfg = Release|Any CPU
		{A89272CB-569C-478F-8BDB-7B5FAD75A5FB}.Release|Any CPU.Build.0 = Release|Any CPU
	EndGlobalSection
	GlobalSection(SolutionProperties) = preSolution
		HideSolutionNode = FALSE
	EndGlobalSection
	GlobalSection(ExtensibilityGlobals) = postSolution
		SolutionGuid = {C510B2F4-0839-4782-957E-6267009B6C42}
	EndGlobalSection
EndGlobal
